
Microsoft Visual Studio Solution File, Format Version 12.00
# Visual Studio 15
VisualStudioVersion = 15.0.26124.0
MinimumVisualStudioVersion = 15.0.26124.0
Project("{2150E333-8FDC-42A3-9474-1A3956D46DE8}") = "Projects", "Projects", "{9E4F5E88-F67B-430D-99BE-A03625DCEE7D}"
EndProject
Project("{FAE04EC0-301F-11D3-BF4B-00C04F79EFBC}") = "EventHorizon.Package.Test", "Projects\EventHorizon.Package.Test\EventHorizon.Package.Test.csproj", "{0FA27D32-7B4F-4D29-903B-D61CA457EF87}"
EndProject
Project("{FAE04EC0-301F-11D3-BF4B-00C04F79EFBC}") = "EventHorizon.Package.Test.Tests", "Projects\EventHorizon.Package.Test.Tests\EventHorizon.Package.Test.Tests.csproj", "{3D7E8AD7-FA32-420D-8862-46D79625394A}"
EndProject
Project("{FAE04EC0-301F-11D3-BF4B-00C04F79EFBC}") = "EventHorizon.Test.Website", "Projects\EventHorizon.Test.Website\EventHorizon.Test.Website.csproj", "{51F4BC33-2CCC-4971-9685-B2D103C73580}"
EndProject
Global
	GlobalSection(SolutionConfigurationPlatforms) = preSolution
		Debug|Any CPU = Debug|Any CPU
		Debug|x64 = Debug|x64
		Debug|x86 = Debug|x86
		Release|Any CPU = Release|Any CPU
		Release|x64 = Release|x64
		Release|x86 = Release|x86
	EndGlobalSection
	GlobalSection(SolutionProperties) = preSolution
		HideSolutionNode = FALSE
	EndGlobalSection
	GlobalSection(ProjectConfigurationPlatforms) = postSolution
		{0FA27D32-7B4F-4D29-903B-D61CA457EF87}.Debug|Any CPU.ActiveCfg = Debug|Any CPU
		{0FA27D32-7B4F-4D29-903B-D61CA457EF87}.Debug|Any CPU.Build.0 = Debug|Any CPU
		{0FA27D32-7B4F-4D29-903B-D61CA457EF87}.Debug|x64.ActiveCfg = Debug|Any CPU
		{0FA27D32-7B4F-4D29-903B-D61CA457EF87}.Debug|x64.Build.0 = Debug|Any CPU
		{0FA27D32-7B4F-4D29-903B-D61CA457EF87}.Debug|x86.ActiveCfg = Debug|Any CPU
		{0FA27D32-7B4F-4D29-903B-D61CA457EF87}.Debug|x86.Build.0 = Debug|Any CPU
		{0FA27D32-7B4F-4D29-903B-D61CA457EF87}.Release|Any CPU.ActiveCfg = Release|Any CPU
		{0FA27D32-7B4F-4D29-903B-D61CA457EF87}.Release|Any CPU.Build.0 = Release|Any CPU
		{0FA27D32-7B4F-4D29-903B-D61CA457EF87}.Release|x64.ActiveCfg = Release|Any CPU
		{0FA27D32-7B4F-4D29-903B-D61CA457EF87}.Release|x64.Build.0 = Release|Any CPU
		{0FA27D32-7B4F-4D29-903B-D61CA457EF87}.Release|x86.ActiveCfg = Release|Any CPU
		{0FA27D32-7B4F-4D29-903B-D61CA457EF87}.Release|x86.Build.0 = Release|Any CPU
		{3D7E8AD7-FA32-420D-8862-46D79625394A}.Debug|Any CPU.ActiveCfg = Debug|Any CPU
		{3D7E8AD7-FA32-420D-8862-46D79625394A}.Debug|Any CPU.Build.0 = Debug|Any CPU
		{3D7E8AD7-FA32-420D-8862-46D79625394A}.Debug|x64.ActiveCfg = Debug|Any CPU
		{3D7E8AD7-FA32-420D-8862-46D79625394A}.Debug|x64.Build.0 = Debug|Any CPU
		{3D7E8AD7-FA32-420D-8862-46D79625394A}.Debug|x86.ActiveCfg = Debug|Any CPU
		{3D7E8AD7-FA32-420D-8862-46D79625394A}.Debug|x86.Build.0 = Debug|Any CPU
		{3D7E8AD7-FA32-420D-8862-46D79625394A}.Release|Any CPU.ActiveCfg = Release|Any CPU
		{3D7E8AD7-FA32-420D-8862-46D79625394A}.Release|Any CPU.Build.0 = Release|Any CPU
		{3D7E8AD7-FA32-420D-8862-46D79625394A}.Release|x64.ActiveCfg = Release|Any CPU
		{3D7E8AD7-FA32-420D-8862-46D79625394A}.Release|x64.Build.0 = Release|Any CPU
		{3D7E8AD7-FA32-420D-8862-46D79625394A}.Release|x86.ActiveCfg = Release|Any CPU
		{3D7E8AD7-FA32-420D-8862-46D79625394A}.Release|x86.Build.0 = Release|Any CPU
		{51F4BC33-2CCC-4971-9685-B2D103C73580}.Debug|Any CPU.ActiveCfg = Debug|Any CPU
		{51F4BC33-2CCC-4971-9685-B2D103C73580}.Debug|Any CPU.Build.0 = Debug|Any CPU
		{51F4BC33-2CCC-4971-9685-B2D103C73580}.Debug|x64.ActiveCfg = Debug|Any CPU
		{51F4BC33-2CCC-4971-9685-B2D103C73580}.Debug|x64.Build.0 = Debug|Any CPU
		{51F4BC33-2CCC-4971-9685-B2D103C73580}.Debug|x86.ActiveCfg = Debug|Any CPU
		{51F4BC33-2CCC-4971-9685-B2D103C73580}.Debug|x86.Build.0 = Debug|Any CPU
		{51F4BC33-2CCC-4971-9685-B2D103C73580}.Release|Any CPU.ActiveCfg = Release|Any CPU
		{51F4BC33-2CCC-4971-9685-B2D103C73580}.Release|Any CPU.Build.0 = Release|Any CPU
		{51F4BC33-2CCC-4971-9685-B2D103C73580}.Release|x64.ActiveCfg = Release|Any CPU
		{51F4BC33-2CCC-4971-9685-B2D103C73580}.Release|x64.Build.0 = Release|Any CPU
		{51F4BC33-2CCC-4971-9685-B2D103C73580}.Release|x86.ActiveCfg = Release|Any CPU
		{51F4BC33-2CCC-4971-9685-B2D103C73580}.Release|x86.Build.0 = Release|Any CPU
	EndGlobalSection
	GlobalSection(NestedProjects) = preSolution
		{0FA27D32-7B4F-4D29-903B-D61CA457EF87} = {9E4F5E88-F67B-430D-99BE-A03625DCEE7D}
		{3D7E8AD7-FA32-420D-8862-46D79625394A} = {9E4F5E88-F67B-430D-99BE-A03625DCEE7D}
		{51F4BC33-2CCC-4971-9685-B2D103C73580} = {9E4F5E88-F67B-430D-99BE-A03625DCEE7D}
	EndGlobalSection
EndGlobal
